
Microsoft Visual Studio Solution File, Format Version 12.00
# Visual Studio Version 17
VisualStudioVersion = 17.7.34024.191
MinimumVisualStudioVersion = 10.0.40219.1
Project("{9A19103F-16F7-4668-BE54-9A1E7A4F7556}") = "CSF.Domain", "CSF.Domain\CSF.Domain.csproj", "{7D74F797-B086-41C6-A08F-92CC36AE3982}"
EndProject
Project("{2150E333-8FDC-42A3-9474-1A3956D46DE8}") = "Infrastructure", "Infrastructure", "{A76863AF-9BEC-45BA-81CC-7783D8DC25BC}"
EndProject
Project("{9A19103F-16F7-4668-BE54-9A1E7A4F7556}") = "CSF.Entities", "CSF.Entities\CSF.Entities.csproj", "{A43CFF90-9E37-4B1F-8D26-D5BC7EF416D0}"
EndProject
Project("{9A19103F-16F7-4668-BE54-9A1E7A4F7556}") = "CSF.Repository.MongoDb", "CSF.Repository.MongoDb\CSF.Repository.MongoDb.csproj", "{0F3ADA8E-3E06-41EF-A1C3-CF16474FA2C7}"
EndProject
Project("{9A19103F-16F7-4668-BE54-9A1E7A4F7556}") = "CSF.Repository.SqlServer", "CSF.Repository.SqlServer\CSF.Repository.SqlServer.csproj", "{E1692335-BC26-4AE8-B5E1-EC0FAED414B2}"
EndProject
Project("{2150E333-8FDC-42A3-9474-1A3956D46DE8}") = "Application", "Application", "{2366C1EB-C043-4177-95BB-03F9F58FC38E}"
EndProject
Project("{9A19103F-16F7-4668-BE54-9A1E7A4F7556}") = "CSF.Services", "CSF.Services\CSF.Services.csproj", "{9E4F5951-61D6-46C6-91CE-34E338981C59}"
EndProject
Project("{E53339B2-1760-4266-BCC7-CA923CBCF16C}") = "docker-compose", "docker-compose.dcproj", "{89470821-86C7-43D0-AA07-B5A2F553605B}"
EndProject
Project("{2150E333-8FDC-42A3-9474-1A3956D46DE8}") = "Common", "Common", "{122F0CD5-3CC7-4EA5-9DD5-7AB650FBA753}"
EndProject
Project("{9A19103F-16F7-4668-BE54-9A1E7A4F7556}") = "CSF.Helpers", "CSF.Helpers\CSF.Helpers.csproj", "{7EBA2A4E-A363-481C-9546-1DDD0DDFCBFD}"
EndProject
Project("{9A19103F-16F7-4668-BE54-9A1E7A4F7556}") = "AgendaService.Api", "AgendaService.Api\AgendaService.Api.csproj", "{56709409-AD32-4597-B186-3BE30009B07E}"
EndProject
Project("{A07B5EB6-E848-4116-A8D0-A826331D98C6}") = "AgendaServiceApplication", "AgendaServiceApplication\AgendaServiceApplication.sfproj", "{7F40AA6C-5CE4-4BAB-9958-A2E79FB68601}"
EndProject
Project("{2150E333-8FDC-42A3-9474-1A3956D46DE8}") = "Tests", "Tests", "{3BE33548-F93C-4AD4-B5C5-736E4A71FB6D}"
EndProject
Project("{2150E333-8FDC-42A3-9474-1A3956D46DE8}") = "ExternalServices", "ExternalServices", "{86BF1F8A-A9FE-442F-B389-8C5A26A859D1}"
EndProject
Project("{9A19103F-16F7-4668-BE54-9A1E7A4F7556}") = "CSF.ViewModel", "CSF.ViewModel\CSF.ViewModel.csproj", "{A6178E9C-9B25-443D-8BAC-B973AC45B255}"
EndProject
Project("{9A19103F-16F7-4668-BE54-9A1E7A4F7556}") = "CSF.UserService", "CSF.USerService\CSF.UserService.csproj", "{13F0AA3F-DD8E-44B5-9CCC-A1DFB8517A40}"
EndProject
Project("{2150E333-8FDC-42A3-9474-1A3956D46DE8}") = "Jobs", "Jobs", "{0A84B3CE-ED5A-4E45-B2C9-431F098518D5}"
EndProject
Project("{FAE04EC0-301F-11D3-BF4B-00C04F79EFBC}") = "AgendaService.BackgroundJobs.Api", "AgendaService.BackgroundJobs.Api\AgendaService.BackgroundJobs.Api.csproj", "{8C817FF5-A669-4F36-9958-F52A1FCB7FF7}"
EndProject
Project("{9A19103F-16F7-4668-BE54-9A1E7A4F7556}") = "CSF.AgendaJobs", "CSF.AgendaJobs\CSF.AgendaJobs.csproj", "{7F5AC237-E30D-408D-9721-891C5C90A72F}"
EndProject
Project("{FAE04EC0-301F-11D3-BF4B-00C04F79EFBC}") = "AgendaService.WorkerProcess", "AgendaService.WorkerProcess\AgendaService.WorkerProcess.csproj", "{BB400E9E-532C-4451-84E0-D8E49B9116FE}"
EndProject
Project("{2150E333-8FDC-42A3-9474-1A3956D46DE8}") = "AsyncMessaging", "AsyncMessaging", "{F9F39D82-2FF1-4075-A635-88D6A6D3D887}"
EndProject
Project("{9A19103F-16F7-4668-BE54-9A1E7A4F7556}") = "AgendaApi.AsyncMessaging.RabbitMQService", "AgendaApi.AsyncMessaging.RabbitMQService\AgendaApi.AsyncMessaging.RabbitMQService.csproj", "{578A6A5B-2918-43B7-9BCE-58358668EDDD}"
EndProject
Project("{9A19103F-16F7-4668-BE54-9A1E7A4F7556}") = "CSF.AssyncMessaging.Domain", "CSF.AssyncMessaging.Domain\CSF.AssyncMessaging.Domain.csproj", "{3D94122C-6CDC-460E-9F55-F0A9BB2B298D}"
EndProject
Global
	GlobalSection(SolutionConfigurationPlatforms) = preSolution
		Debug|Any CPU = Debug|Any CPU
		Debug|x64 = Debug|x64
		Release|Any CPU = Release|Any CPU
		Release|x64 = Release|x64
	EndGlobalSection
	GlobalSection(ProjectConfigurationPlatforms) = postSolution
		{7D74F797-B086-41C6-A08F-92CC36AE3982}.Debug|Any CPU.ActiveCfg = Debug|Any CPU
		{7D74F797-B086-41C6-A08F-92CC36AE3982}.Debug|Any CPU.Build.0 = Debug|Any CPU
		{7D74F797-B086-41C6-A08F-92CC36AE3982}.Debug|x64.ActiveCfg = Debug|Any CPU
		{7D74F797-B086-41C6-A08F-92CC36AE3982}.Debug|x64.Build.0 = Debug|Any CPU
		{7D74F797-B086-41C6-A08F-92CC36AE3982}.Release|Any CPU.ActiveCfg = Release|Any CPU
		{7D74F797-B086-41C6-A08F-92CC36AE3982}.Release|Any CPU.Build.0 = Release|Any CPU
		{7D74F797-B086-41C6-A08F-92CC36AE3982}.Release|x64.ActiveCfg = Release|Any CPU
		{7D74F797-B086-41C6-A08F-92CC36AE3982}.Release|x64.Build.0 = Release|Any CPU
		{A43CFF90-9E37-4B1F-8D26-D5BC7EF416D0}.Debug|Any CPU.ActiveCfg = Debug|Any CPU
		{A43CFF90-9E37-4B1F-8D26-D5BC7EF416D0}.Debug|Any CPU.Build.0 = Debug|Any CPU
		{A43CFF90-9E37-4B1F-8D26-D5BC7EF416D0}.Debug|x64.ActiveCfg = Debug|Any CPU
		{A43CFF90-9E37-4B1F-8D26-D5BC7EF416D0}.Debug|x64.Build.0 = Debug|Any CPU
		{A43CFF90-9E37-4B1F-8D26-D5BC7EF416D0}.Release|Any CPU.ActiveCfg = Release|Any CPU
		{A43CFF90-9E37-4B1F-8D26-D5BC7EF416D0}.Release|Any CPU.Build.0 = Release|Any CPU
		{A43CFF90-9E37-4B1F-8D26-D5BC7EF416D0}.Release|x64.ActiveCfg = Release|Any CPU
		{A43CFF90-9E37-4B1F-8D26-D5BC7EF416D0}.Release|x64.Build.0 = Release|Any CPU
		{0F3ADA8E-3E06-41EF-A1C3-CF16474FA2C7}.Debug|Any CPU.ActiveCfg = Debug|Any CPU
		{0F3ADA8E-3E06-41EF-A1C3-CF16474FA2C7}.Debug|Any CPU.Build.0 = Debug|Any CPU
		{0F3ADA8E-3E06-41EF-A1C3-CF16474FA2C7}.Debug|x64.ActiveCfg = Debug|Any CPU
		{0F3ADA8E-3E06-41EF-A1C3-CF16474FA2C7}.Debug|x64.Build.0 = Debug|Any CPU
		{0F3ADA8E-3E06-41EF-A1C3-CF16474FA2C7}.Release|Any CPU.ActiveCfg = Release|Any CPU
		{0F3ADA8E-3E06-41EF-A1C3-CF16474FA2C7}.Release|Any CPU.Build.0 = Release|Any CPU
		{0F3ADA8E-3E06-41EF-A1C3-CF16474FA2C7}.Release|x64.ActiveCfg = Release|Any CPU
		{0F3ADA8E-3E06-41EF-A1C3-CF16474FA2C7}.Release|x64.Build.0 = Release|Any CPU
		{E1692335-BC26-4AE8-B5E1-EC0FAED414B2}.Debug|Any CPU.ActiveCfg = Debug|Any CPU
		{E1692335-BC26-4AE8-B5E1-EC0FAED414B2}.Debug|Any CPU.Build.0 = Debug|Any CPU
		{E1692335-BC26-4AE8-B5E1-EC0FAED414B2}.Debug|x64.ActiveCfg = Debug|Any CPU
		{E1692335-BC26-4AE8-B5E1-EC0FAED414B2}.Debug|x64.Build.0 = Debug|Any CPU
		{E1692335-BC26-4AE8-B5E1-EC0FAED414B2}.Release|Any CPU.ActiveCfg = Release|Any CPU
		{E1692335-BC26-4AE8-B5E1-EC0FAED414B2}.Release|Any CPU.Build.0 = Release|Any CPU
		{E1692335-BC26-4AE8-B5E1-EC0FAED414B2}.Release|x64.ActiveCfg = Release|Any CPU
		{E1692335-BC26-4AE8-B5E1-EC0FAED414B2}.Release|x64.Build.0 = Release|Any CPU
		{9E4F5951-61D6-46C6-91CE-34E338981C59}.Debug|Any CPU.ActiveCfg = Debug|Any CPU
		{9E4F5951-61D6-46C6-91CE-34E338981C59}.Debug|Any CPU.Build.0 = Debug|Any CPU
		{9E4F5951-61D6-46C6-91CE-34E338981C59}.Debug|x64.ActiveCfg = Debug|Any CPU
		{9E4F5951-61D6-46C6-91CE-34E338981C59}.Debug|x64.Build.0 = Debug|Any CPU
		{9E4F5951-61D6-46C6-91CE-34E338981C59}.Release|Any CPU.ActiveCfg = Release|Any CPU
		{9E4F5951-61D6-46C6-91CE-34E338981C59}.Release|Any CPU.Build.0 = Release|Any CPU
		{9E4F5951-61D6-46C6-91CE-34E338981C59}.Release|x64.ActiveCfg = Release|Any CPU
		{9E4F5951-61D6-46C6-91CE-34E338981C59}.Release|x64.Build.0 = Release|Any CPU
		{89470821-86C7-43D0-AA07-B5A2F553605B}.Debug|Any CPU.ActiveCfg = Debug|Any CPU
		{89470821-86C7-43D0-AA07-B5A2F553605B}.Debug|Any CPU.Build.0 = Debug|Any CPU
		{89470821-86C7-43D0-AA07-B5A2F553605B}.Debug|x64.ActiveCfg = Debug|Any CPU
		{89470821-86C7-43D0-AA07-B5A2F553605B}.Debug|x64.Build.0 = Debug|Any CPU
		{89470821-86C7-43D0-AA07-B5A2F553605B}.Release|Any CPU.ActiveCfg = Release|Any CPU
		{89470821-86C7-43D0-AA07-B5A2F553605B}.Release|Any CPU.Build.0 = Release|Any CPU
		{89470821-86C7-43D0-AA07-B5A2F553605B}.Release|x64.ActiveCfg = Release|Any CPU
		{89470821-86C7-43D0-AA07-B5A2F553605B}.Release|x64.Build.0 = Release|Any CPU
		{7EBA2A4E-A363-481C-9546-1DDD0DDFCBFD}.Debug|Any CPU.ActiveCfg = Debug|Any CPU
		{7EBA2A4E-A363-481C-9546-1DDD0DDFCBFD}.Debug|Any CPU.Build.0 = Debug|Any CPU
		{7EBA2A4E-A363-481C-9546-1DDD0DDFCBFD}.Debug|x64.ActiveCfg = Debug|Any CPU
		{7EBA2A4E-A363-481C-9546-1DDD0DDFCBFD}.Debug|x64.Build.0 = Debug|Any CPU
		{7EBA2A4E-A363-481C-9546-1DDD0DDFCBFD}.Release|Any CPU.ActiveCfg = Release|Any CPU
		{7EBA2A4E-A363-481C-9546-1DDD0DDFCBFD}.Release|Any CPU.Build.0 = Release|Any CPU
		{7EBA2A4E-A363-481C-9546-1DDD0DDFCBFD}.Release|x64.ActiveCfg = Release|Any CPU
		{7EBA2A4E-A363-481C-9546-1DDD0DDFCBFD}.Release|x64.Build.0 = Release|Any CPU
		{56709409-AD32-4597-B186-3BE30009B07E}.Debug|Any CPU.ActiveCfg = Debug|Any CPU
		{56709409-AD32-4597-B186-3BE30009B07E}.Debug|Any CPU.Build.0 = Debug|Any CPU
		{56709409-AD32-4597-B186-3BE30009B07E}.Debug|x64.ActiveCfg = Debug|Any CPU
		{56709409-AD32-4597-B186-3BE30009B07E}.Debug|x64.Build.0 = Debug|Any CPU
		{56709409-AD32-4597-B186-3BE30009B07E}.Release|Any CPU.ActiveCfg = Release|Any CPU
		{56709409-AD32-4597-B186-3BE30009B07E}.Release|Any CPU.Build.0 = Release|Any CPU
		{56709409-AD32-4597-B186-3BE30009B07E}.Release|x64.ActiveCfg = Release|Any CPU
		{56709409-AD32-4597-B186-3BE30009B07E}.Release|x64.Build.0 = Release|Any CPU
		{7F40AA6C-5CE4-4BAB-9958-A2E79FB68601}.Debug|Any CPU.ActiveCfg = Debug|x64
		{7F40AA6C-5CE4-4BAB-9958-A2E79FB68601}.Debug|Any CPU.Build.0 = Debug|x64
		{7F40AA6C-5CE4-4BAB-9958-A2E79FB68601}.Debug|Any CPU.Deploy.0 = Debug|x64
		{7F40AA6C-5CE4-4BAB-9958-A2E79FB68601}.Debug|x64.ActiveCfg = Debug|x64
		{7F40AA6C-5CE4-4BAB-9958-A2E79FB68601}.Debug|x64.Build.0 = Debug|x64
		{7F40AA6C-5CE4-4BAB-9958-A2E79FB68601}.Debug|x64.Deploy.0 = Debug|x64
		{7F40AA6C-5CE4-4BAB-9958-A2E79FB68601}.Release|Any CPU.ActiveCfg = Release|x64
		{7F40AA6C-5CE4-4BAB-9958-A2E79FB68601}.Release|Any CPU.Build.0 = Release|x64
		{7F40AA6C-5CE4-4BAB-9958-A2E79FB68601}.Release|Any CPU.Deploy.0 = Release|x64
		{7F40AA6C-5CE4-4BAB-9958-A2E79FB68601}.Release|x64.ActiveCfg = Release|x64
		{7F40AA6C-5CE4-4BAB-9958-A2E79FB68601}.Release|x64.Build.0 = Release|x64
		{7F40AA6C-5CE4-4BAB-9958-A2E79FB68601}.Release|x64.Deploy.0 = Release|x64
		{A6178E9C-9B25-443D-8BAC-B973AC45B255}.Debug|Any CPU.ActiveCfg = Debug|Any CPU
		{A6178E9C-9B25-443D-8BAC-B973AC45B255}.Debug|Any CPU.Build.0 = Debug|Any CPU
		{A6178E9C-9B25-443D-8BAC-B973AC45B255}.Debug|x64.ActiveCfg = Debug|Any CPU
		{A6178E9C-9B25-443D-8BAC-B973AC45B255}.Debug|x64.Build.0 = Debug|Any CPU
		{A6178E9C-9B25-443D-8BAC-B973AC45B255}.Release|Any CPU.ActiveCfg = Release|Any CPU
		{A6178E9C-9B25-443D-8BAC-B973AC45B255}.Release|Any CPU.Build.0 = Release|Any CPU
		{A6178E9C-9B25-443D-8BAC-B973AC45B255}.Release|x64.ActiveCfg = Release|Any CPU
		{A6178E9C-9B25-443D-8BAC-B973AC45B255}.Release|x64.Build.0 = Release|Any CPU
		{13F0AA3F-DD8E-44B5-9CCC-A1DFB8517A40}.Debug|Any CPU.ActiveCfg = Debug|Any CPU
		{13F0AA3F-DD8E-44B5-9CCC-A1DFB8517A40}.Debug|Any CPU.Build.0 = Debug|Any CPU
		{13F0AA3F-DD8E-44B5-9CCC-A1DFB8517A40}.Debug|x64.ActiveCfg = Debug|Any CPU
		{13F0AA3F-DD8E-44B5-9CCC-A1DFB8517A40}.Debug|x64.Build.0 = Debug|Any CPU
		{13F0AA3F-DD8E-44B5-9CCC-A1DFB8517A40}.Release|Any CPU.ActiveCfg = Release|Any CPU
		{13F0AA3F-DD8E-44B5-9CCC-A1DFB8517A40}.Release|Any CPU.Build.0 = Release|Any CPU
		{13F0AA3F-DD8E-44B5-9CCC-A1DFB8517A40}.Release|x64.ActiveCfg = Release|Any CPU
		{13F0AA3F-DD8E-44B5-9CCC-A1DFB8517A40}.Release|x64.Build.0 = Release|Any CPU
		{8C817FF5-A669-4F36-9958-F52A1FCB7FF7}.Debug|Any CPU.ActiveCfg = Debug|Any CPU
		{8C817FF5-A669-4F36-9958-F52A1FCB7FF7}.Debug|Any CPU.Build.0 = Debug|Any CPU
		{8C817FF5-A669-4F36-9958-F52A1FCB7FF7}.Debug|x64.ActiveCfg = Debug|Any CPU
		{8C817FF5-A669-4F36-9958-F52A1FCB7FF7}.Debug|x64.Build.0 = Debug|Any CPU
		{8C817FF5-A669-4F36-9958-F52A1FCB7FF7}.Release|Any CPU.ActiveCfg = Release|Any CPU
		{8C817FF5-A669-4F36-9958-F52A1FCB7FF7}.Release|Any CPU.Build.0 = Release|Any CPU
		{8C817FF5-A669-4F36-9958-F52A1FCB7FF7}.Release|x64.ActiveCfg = Release|Any CPU
		{8C817FF5-A669-4F36-9958-F52A1FCB7FF7}.Release|x64.Build.0 = Release|Any CPU
		{7F5AC237-E30D-408D-9721-891C5C90A72F}.Debug|Any CPU.ActiveCfg = Debug|Any CPU
		{7F5AC237-E30D-408D-9721-891C5C90A72F}.Debug|Any CPU.Build.0 = Debug|Any CPU
		{7F5AC237-E30D-408D-9721-891C5C90A72F}.Debug|x64.ActiveCfg = Debug|Any CPU
		{7F5AC237-E30D-408D-9721-891C5C90A72F}.Debug|x64.Build.0 = Debug|Any CPU
		{7F5AC237-E30D-408D-9721-891C5C90A72F}.Release|Any CPU.ActiveCfg = Release|Any CPU
		{7F5AC237-E30D-408D-9721-891C5C90A72F}.Release|Any CPU.Build.0 = Release|Any CPU
		{7F5AC237-E30D-408D-9721-891C5C90A72F}.Release|x64.ActiveCfg = Release|Any CPU
		{7F5AC237-E30D-408D-9721-891C5C90A72F}.Release|x64.Build.0 = Release|Any CPU
		{BB400E9E-532C-4451-84E0-D8E49B9116FE}.Debug|Any CPU.ActiveCfg = Debug|Any CPU
		{BB400E9E-532C-4451-84E0-D8E49B9116FE}.Debug|Any CPU.Build.0 = Debug|Any CPU
		{BB400E9E-532C-4451-84E0-D8E49B9116FE}.Debug|x64.ActiveCfg = Debug|Any CPU
		{BB400E9E-532C-4451-84E0-D8E49B9116FE}.Debug|x64.Build.0 = Debug|Any CPU
		{BB400E9E-532C-4451-84E0-D8E49B9116FE}.Release|Any CPU.ActiveCfg = Release|Any CPU
		{BB400E9E-532C-4451-84E0-D8E49B9116FE}.Release|Any CPU.Build.0 = Release|Any CPU
		{BB400E9E-532C-4451-84E0-D8E49B9116FE}.Release|x64.ActiveCfg = Release|Any CPU
		{BB400E9E-532C-4451-84E0-D8E49B9116FE}.Release|x64.Build.0 = Release|Any CPU
		{578A6A5B-2918-43B7-9BCE-58358668EDDD}.Debug|Any CPU.ActiveCfg = Debug|Any CPU
		{578A6A5B-2918-43B7-9BCE-58358668EDDD}.Debug|Any CPU.Build.0 = Debug|Any CPU
		{578A6A5B-2918-43B7-9BCE-58358668EDDD}.Debug|x64.ActiveCfg = Debug|Any CPU
		{578A6A5B-2918-43B7-9BCE-58358668EDDD}.Debug|x64.Build.0 = Debug|Any CPU
		{578A6A5B-2918-43B7-9BCE-58358668EDDD}.Release|Any CPU.ActiveCfg = Release|Any CPU
		{578A6A5B-2918-43B7-9BCE-58358668EDDD}.Release|Any CPU.Build.0 = Release|Any CPU
		{578A6A5B-2918-43B7-9BCE-58358668EDDD}.Release|x64.ActiveCfg = Release|Any CPU
		{578A6A5B-2918-43B7-9BCE-58358668EDDD}.Release|x64.Build.0 = Release|Any CPU
		{3D94122C-6CDC-460E-9F55-F0A9BB2B298D}.Debug|Any CPU.ActiveCfg = Debug|Any CPU
		{3D94122C-6CDC-460E-9F55-F0A9BB2B298D}.Debug|Any CPU.Build.0 = Debug|Any CPU
		{3D94122C-6CDC-460E-9F55-F0A9BB2B298D}.Debug|x64.ActiveCfg = Debug|Any CPU
		{3D94122C-6CDC-460E-9F55-F0A9BB2B298D}.Debug|x64.Build.0 = Debug|Any CPU
		{3D94122C-6CDC-460E-9F55-F0A9BB2B298D}.Release|Any CPU.ActiveCfg = Release|Any CPU
		{3D94122C-6CDC-460E-9F55-F0A9BB2B298D}.Release|Any CPU.Build.0 = Release|Any CPU
		{3D94122C-6CDC-460E-9F55-F0A9BB2B298D}.Release|x64.ActiveCfg = Release|Any CPU
		{3D94122C-6CDC-460E-9F55-F0A9BB2B298D}.Release|x64.Build.0 = Release|Any CPU
	EndGlobalSection
	GlobalSection(SolutionProperties) = preSolution
		HideSolutionNode = FALSE
	EndGlobalSection
	GlobalSection(NestedProjects) = preSolution
		{7D74F797-B086-41C6-A08F-92CC36AE3982} = {A76863AF-9BEC-45BA-81CC-7783D8DC25BC}
		{A43CFF90-9E37-4B1F-8D26-D5BC7EF416D0} = {A76863AF-9BEC-45BA-81CC-7783D8DC25BC}
		{0F3ADA8E-3E06-41EF-A1C3-CF16474FA2C7} = {A76863AF-9BEC-45BA-81CC-7783D8DC25BC}
		{E1692335-BC26-4AE8-B5E1-EC0FAED414B2} = {A76863AF-9BEC-45BA-81CC-7783D8DC25BC}
		{9E4F5951-61D6-46C6-91CE-34E338981C59} = {A76863AF-9BEC-45BA-81CC-7783D8DC25BC}
		{7EBA2A4E-A363-481C-9546-1DDD0DDFCBFD} = {122F0CD5-3CC7-4EA5-9DD5-7AB650FBA753}
		{56709409-AD32-4597-B186-3BE30009B07E} = {2366C1EB-C043-4177-95BB-03F9F58FC38E}
		{A6178E9C-9B25-443D-8BAC-B973AC45B255} = {A76863AF-9BEC-45BA-81CC-7783D8DC25BC}
		{13F0AA3F-DD8E-44B5-9CCC-A1DFB8517A40} = {86BF1F8A-A9FE-442F-B389-8C5A26A859D1}
		{8C817FF5-A669-4F36-9958-F52A1FCB7FF7} = {2366C1EB-C043-4177-95BB-03F9F58FC38E}
		{7F5AC237-E30D-408D-9721-891C5C90A72F} = {0A84B3CE-ED5A-4E45-B2C9-431F098518D5}
		{BB400E9E-532C-4451-84E0-D8E49B9116FE} = {2366C1EB-C043-4177-95BB-03F9F58FC38E}
		{578A6A5B-2918-43B7-9BCE-58358668EDDD} = {F9F39D82-2FF1-4075-A635-88D6A6D3D887}
		{3D94122C-6CDC-460E-9F55-F0A9BB2B298D} = {F9F39D82-2FF1-4075-A635-88D6A6D3D887}
	EndGlobalSection
	GlobalSection(ExtensibilityGlobals) = postSolution
		SolutionGuid = {FA0C3F9E-55AE-4E22-8145-AAF8EA955409}
	EndGlobalSection
EndGlobal
